
Microsoft Visual Studio Solution File, Format Version 12.00
# Visual Studio Version 16
VisualStudioVersion = 25.0.1703.8
MinimumVisualStudioVersion = 10.0.40219.1
Project("{FAE04EC0-301F-11D3-BF4B-00C04F79EFBC}") = "MTCGame", "MTCGame\MTCGame.csproj", "{A3C2D41A-5422-4CCA-9988-375F5B504D5E}"
EndProject
Project("{FAE04EC0-301F-11D3-BF4B-00C04F79EFBC}") = "MTCGServerCore", "MTCGServerCore\MTCGServerCore.csproj", "{33BD732A-3881-42C1-AAEC-203262B20A42}"
EndProject
Global
	GlobalSection(SolutionConfigurationPlatforms) = preSolution
		Debug|Any CPU = Debug|Any CPU
		Release|Any CPU = Release|Any CPU
	EndGlobalSection
	GlobalSection(ProjectConfigurationPlatforms) = postSolution
		{A3C2D41A-5422-4CCA-9988-375F5B504D5E}.Debug|Any CPU.ActiveCfg = Debug|Any CPU
		{A3C2D41A-5422-4CCA-9988-375F5B504D5E}.Debug|Any CPU.Build.0 = Debug|Any CPU
		{A3C2D41A-5422-4CCA-9988-375F5B504D5E}.Release|Any CPU.ActiveCfg = Release|Any CPU
		{A3C2D41A-5422-4CCA-9988-375F5B504D5E}.Release|Any CPU.Build.0 = Release|Any CPU
		{33BD732A-3881-42C1-AAEC-203262B20A42}.Debug|Any CPU.ActiveCfg = Debug|Any CPU
		{33BD732A-3881-42C1-AAEC-203262B20A42}.Debug|Any CPU.Build.0 = Debug|Any CPU
		{33BD732A-3881-42C1-AAEC-203262B20A42}.Release|Any CPU.ActiveCfg = Release|Any CPU
		{33BD732A-3881-42C1-AAEC-203262B20A42}.Release|Any CPU.Build.0 = Release|Any CPU
	EndGlobalSection
	GlobalSection(SolutionProperties) = preSolution
		HideSolutionNode = FALSE
	EndGlobalSection
	GlobalSection(ExtensibilityGlobals) = postSolution
		SolutionGuid = {F5CAEF31-77C0-414E-9149-8A13FAE8F7A9}
	EndGlobalSection
EndGlobal
